// !$*UTF8*$!
{
	archiveVersion = 1;
	classes = {
	};
	objectVersion = 51;
	objects = {

/* Begin PBXBuildFile section */
		D74D40C05370F8370D026890 /* Pods_Test8200ac__iOS_.framework in Frameworks */ = {isa = PBXBuildFile; fileRef = F1DFDA55757FB54EE28D93A7 /* Pods_Test8200ac__iOS_.framework */; };
		F05284EA257446FF005A0F52 /* RoundedGroupBoxStyle.swift in Sources */ = {isa = PBXBuildFile; fileRef = F05284E9257446FF005A0F52 /* RoundedGroupBoxStyle.swift */; };
		F05284EB257446FF005A0F52 /* RoundedGroupBoxStyle.swift in Sources */ = {isa = PBXBuildFile; fileRef = F05284E9257446FF005A0F52 /* RoundedGroupBoxStyle.swift */; };
		F0532ED32574142700BD404E /* SearchBar.swift in Sources */ = {isa = PBXBuildFile; fileRef = F0532ED22574142700BD404E /* SearchBar.swift */; };
		F0532ED42574142700BD404E /* SearchBar.swift in Sources */ = {isa = PBXBuildFile; fileRef = F0532ED22574142700BD404E /* SearchBar.swift */; };
		F0532ED82574145A00BD404E /* SearchMovieView.swift in Sources */ = {isa = PBXBuildFile; fileRef = F0532ED72574145A00BD404E /* SearchMovieView.swift */; };
		F0532ED92574145A00BD404E /* SearchMovieView.swift in Sources */ = {isa = PBXBuildFile; fileRef = F0532ED72574145A00BD404E /* SearchMovieView.swift */; };
		F0A1A8852573F48000E68C10 /* Test8200acApp.swift in Sources */ = {isa = PBXBuildFile; fileRef = F0A1A8722573F47900E68C10 /* Test8200acApp.swift */; };
		F0A1A8862573F48000E68C10 /* Test8200acApp.swift in Sources */ = {isa = PBXBuildFile; fileRef = F0A1A8722573F47900E68C10 /* Test8200acApp.swift */; };
		F0A1A8872573F48000E68C10 /* ContentView.swift in Sources */ = {isa = PBXBuildFile; fileRef = F0A1A8732573F47900E68C10 /* ContentView.swift */; };
		F0A1A8882573F48000E68C10 /* ContentView.swift in Sources */ = {isa = PBXBuildFile; fileRef = F0A1A8732573F47900E68C10 /* ContentView.swift */; };
		F0A1A8892573F48000E68C10 /* Assets.xcassets in Resources */ = {isa = PBXBuildFile; fileRef = F0A1A8742573F48000E68C10 /* Assets.xcassets */; };
		F0A1A88A2573F48000E68C10 /* Assets.xcassets in Resources */ = {isa = PBXBuildFile; fileRef = F0A1A8742573F48000E68C10 /* Assets.xcassets */; };
		F0A1A89F2573F6F000E68C10 /* Movie.swift in Sources */ = {isa = PBXBuildFile; fileRef = F0A1A89E2573F6F000E68C10 /* Movie.swift */; };
		F0A1A8A02573F6F000E68C10 /* Movie.swift in Sources */ = {isa = PBXBuildFile; fileRef = F0A1A89E2573F6F000E68C10 /* Movie.swift */; };
		F0A1A8A42573F7A900E68C10 /* MoviesViewModel.swift in Sources */ = {isa = PBXBuildFile; fileRef = F0A1A8A32573F7A900E68C10 /* MoviesViewModel.swift */; };
		F0A1A8A52573F7A900E68C10 /* MoviesViewModel.swift in Sources */ = {isa = PBXBuildFile; fileRef = F0A1A8A32573F7A900E68C10 /* MoviesViewModel.swift */; };
		F0D1EA392574182B000E7BCE /* MovieDetails.swift in Sources */ = {isa = PBXBuildFile; fileRef = F0D1EA382574182B000E7BCE /* MovieDetails.swift */; };
		F0D1EA3A2574182B000E7BCE /* MovieDetails.swift in Sources */ = {isa = PBXBuildFile; fileRef = F0D1EA382574182B000E7BCE /* MovieDetails.swift */; };
		F4EDAB2638E8D6594EE3B650 /* Pods_Test8200ac__macOS_.framework in Frameworks */ = {isa = PBXBuildFile; fileRef = B9FD545237DE0A67FC2D3C3F /* Pods_Test8200ac__macOS_.framework */; };
/* End PBXBuildFile section */

/* Begin PBXFileReference section */
		34EBB7673BB77E908F983C23 /* Pods-Test8200ac (macOS).release.xcconfig */ = {isa = PBXFileReference; includeInIndex = 1; lastKnownFileType = text.xcconfig; name = "Pods-Test8200ac (macOS).release.xcconfig"; path = "Target Support Files/Pods-Test8200ac (macOS)/Pods-Test8200ac (macOS).release.xcconfig"; sourceTree = "<group>"; };
		43BAEEC2C5211B0B4F3E71E0 /* Pods-Test8200ac (macOS).debug.xcconfig */ = {isa = PBXFileReference; includeInIndex = 1; lastKnownFileType = text.xcconfig; name = "Pods-Test8200ac (macOS).debug.xcconfig"; path = "Target Support Files/Pods-Test8200ac (macOS)/Pods-Test8200ac (macOS).debug.xcconfig"; sourceTree = "<group>"; };
		5C01226DF826DDE1B283D050 /* Pods-Test8200ac (iOS).release.xcconfig */ = {isa = PBXFileReference; includeInIndex = 1; lastKnownFileType = text.xcconfig; name = "Pods-Test8200ac (iOS).release.xcconfig"; path = "Target Support Files/Pods-Test8200ac (iOS)/Pods-Test8200ac (iOS).release.xcconfig"; sourceTree = "<group>"; };
		5CB0C176801B38F92E2EC44D /* Pods-Test8200ac (iOS).debug.xcconfig */ = {isa = PBXFileReference; includeInIndex = 1; lastKnownFileType = text.xcconfig; name = "Pods-Test8200ac (iOS).debug.xcconfig"; path = "Target Support Files/Pods-Test8200ac (iOS)/Pods-Test8200ac (iOS).debug.xcconfig"; sourceTree = "<group>"; };
		B9FD545237DE0A67FC2D3C3F /* Pods_Test8200ac__macOS_.framework */ = {isa = PBXFileReference; explicitFileType = wrapper.framework; includeInIndex = 0; path = Pods_Test8200ac__macOS_.framework; sourceTree = BUILT_PRODUCTS_DIR; };
		F05284E9257446FF005A0F52 /* RoundedGroupBoxStyle.swift */ = {isa = PBXFileReference; lastKnownFileType = sourcecode.swift; path = RoundedGroupBoxStyle.swift; sourceTree = "<group>"; };
		F0532ED22574142700BD404E /* SearchBar.swift */ = {isa = PBXFileReference; lastKnownFileType = sourcecode.swift; path = SearchBar.swift; sourceTree = "<group>"; };
		F0532ED72574145A00BD404E /* SearchMovieView.swift */ = {isa = PBXFileReference; lastKnownFileType = sourcecode.swift; path = SearchMovieView.swift; sourceTree = "<group>"; };
		F0A1A8722573F47900E68C10 /* Test8200acApp.swift */ = {isa = PBXFileReference; lastKnownFileType = sourcecode.swift; path = Test8200acApp.swift; sourceTree = "<group>"; };
		F0A1A8732573F47900E68C10 /* ContentView.swift */ = {isa = PBXFileReference; lastKnownFileType = sourcecode.swift; path = ContentView.swift; sourceTree = "<group>"; };
		F0A1A8742573F48000E68C10 /* Assets.xcassets */ = {isa = PBXFileReference; lastKnownFileType = folder.assetcatalog; path = Assets.xcassets; sourceTree = "<group>"; };
		F0A1A8792573F48000E68C10 /* Test8200ac.app */ = {isa = PBXFileReference; explicitFileType = wrapper.application; includeInIndex = 0; path = Test8200ac.app; sourceTree = BUILT_PRODUCTS_DIR; };
		F0A1A87C2573F48000E68C10 /* Info.plist */ = {isa = PBXFileReference; lastKnownFileType = text.plist.xml; path = Info.plist; sourceTree = "<group>"; };
		F0A1A8812573F48000E68C10 /* Test8200ac.app */ = {isa = PBXFileReference; explicitFileType = wrapper.application; includeInIndex = 0; path = Test8200ac.app; sourceTree = BUILT_PRODUCTS_DIR; };
		F0A1A8832573F48000E68C10 /* Info.plist */ = {isa = PBXFileReference; lastKnownFileType = text.plist.xml; path = Info.plist; sourceTree = "<group>"; };
		F0A1A8842573F48000E68C10 /* macOS.entitlements */ = {isa = PBXFileReference; lastKnownFileType = text.plist.entitlements; path = macOS.entitlements; sourceTree = "<group>"; };
		F0A1A89E2573F6F000E68C10 /* Movie.swift */ = {isa = PBXFileReference; lastKnownFileType = sourcecode.swift; path = Movie.swift; sourceTree = "<group>"; };
		F0A1A8A32573F7A900E68C10 /* MoviesViewModel.swift */ = {isa = PBXFileReference; lastKnownFileType = sourcecode.swift; path = MoviesViewModel.swift; sourceTree = "<group>"; };
		F0D1EA382574182B000E7BCE /* MovieDetails.swift */ = {isa = PBXFileReference; lastKnownFileType = sourcecode.swift; path = MovieDetails.swift; sourceTree = "<group>"; };
		F1DFDA55757FB54EE28D93A7 /* Pods_Test8200ac__iOS_.framework */ = {isa = PBXFileReference; explicitFileType = wrapper.framework; includeInIndex = 0; path = Pods_Test8200ac__iOS_.framework; sourceTree = BUILT_PRODUCTS_DIR; };
/* End PBXFileReference section */

/* Begin PBXFrameworksBuildPhase section */
		F0A1A8762573F48000E68C10 /* Frameworks */ = {
			isa = PBXFrameworksBuildPhase;
			buildActionMask = 2147483647;
			files = (
				D74D40C05370F8370D026890 /* Pods_Test8200ac__iOS_.framework in Frameworks */,
			);
			runOnlyForDeploymentPostprocessing = 0;
		};
		F0A1A87E2573F48000E68C10 /* Frameworks */ = {
			isa = PBXFrameworksBuildPhase;
			buildActionMask = 2147483647;
			files = (
				F4EDAB2638E8D6594EE3B650 /* Pods_Test8200ac__macOS_.framework in Frameworks */,
			);
			runOnlyForDeploymentPostprocessing = 0;
		};
/* End PBXFrameworksBuildPhase section */

/* Begin PBXGroup section */
		2B39FB896E0909398B0F5414 /* Pods */ = {
			isa = PBXGroup;
			children = (
				5CB0C176801B38F92E2EC44D /* Pods-Test8200ac (iOS).debug.xcconfig */,
				5C01226DF826DDE1B283D050 /* Pods-Test8200ac (iOS).release.xcconfig */,
				43BAEEC2C5211B0B4F3E71E0 /* Pods-Test8200ac (macOS).debug.xcconfig */,
				34EBB7673BB77E908F983C23 /* Pods-Test8200ac (macOS).release.xcconfig */,
			);
			path = Pods;
			sourceTree = "<group>";
		};
		6A29BF94716E7BBEE287612D /* Frameworks */ = {
			isa = PBXGroup;
			children = (
				F1DFDA55757FB54EE28D93A7 /* Pods_Test8200ac__iOS_.framework */,
				B9FD545237DE0A67FC2D3C3F /* Pods_Test8200ac__macOS_.framework */,
			);
			name = Frameworks;
			sourceTree = "<group>";
		};
		F05284EE25744704005A0F52 /* Modifiers */ = {
			isa = PBXGroup;
			children = (
				F05284E9257446FF005A0F52 /* RoundedGroupBoxStyle.swift */,
			);
			path = Modifiers;
			sourceTree = "<group>";
		};
		F0532EDC257416A700BD404E /* ViewModels */ = {
			isa = PBXGroup;
			children = (
				F0A1A8A32573F7A900E68C10 /* MoviesViewModel.swift */,
			);
			path = ViewModels;
			sourceTree = "<group>";
		};
		F0532EDD257416B100BD404E /* Model */ = {
			isa = PBXGroup;
			children = (
				F0A1A89E2573F6F000E68C10 /* Movie.swift */,
				F0532ED22574142700BD404E /* SearchBar.swift */,
			);
			path = Model;
			sourceTree = "<group>";
		};
		F0532EDE257416C100BD404E /* Views */ = {
			isa = PBXGroup;
			children = (
				F0A1A8732573F47900E68C10 /* ContentView.swift */,
				F0532ED72574145A00BD404E /* SearchMovieView.swift */,
				F0D1EA382574182B000E7BCE /* MovieDetails.swift */,
			);
			path = Views;
			sourceTree = "<group>";
		};
		F0A1A86C2573F47900E68C10 = {
			isa = PBXGroup;
			children = (
				F0A1A8712573F47900E68C10 /* Shared */,
				F0A1A87B2573F48000E68C10 /* iOS */,
				F0A1A8822573F48000E68C10 /* macOS */,
				F0A1A87A2573F48000E68C10 /* Products */,
				2B39FB896E0909398B0F5414 /* Pods */,
				6A29BF94716E7BBEE287612D /* Frameworks */,
			);
			sourceTree = "<group>";
		};
		F0A1A8712573F47900E68C10 /* Shared */ = {
			isa = PBXGroup;
			children = (
				F0A1A8722573F47900E68C10 /* Test8200acApp.swift */,
				F0532EDE257416C100BD404E /* Views */,
				F0A1A8742573F48000E68C10 /* Assets.xcassets */,
				F0532EDD257416B100BD404E /* Model */,
				F0532EDC257416A700BD404E /* ViewModels */,
				F05284EE25744704005A0F52 /* Modifiers */,
			);
			path = Shared;
			sourceTree = "<group>";
		};
		F0A1A87A2573F48000E68C10 /* Products */ = {
			isa = PBXGroup;
			children = (
				F0A1A8792573F48000E68C10 /* Test8200ac.app */,
				F0A1A8812573F48000E68C10 /* Test8200ac.app */,
			);
			name = Products;
			sourceTree = "<group>";
		};
		F0A1A87B2573F48000E68C10 /* iOS */ = {
			isa = PBXGroup;
			children = (
				F0A1A87C2573F48000E68C10 /* Info.plist */,
			);
			path = iOS;
			sourceTree = "<group>";
		};
		F0A1A8822573F48000E68C10 /* macOS */ = {
			isa = PBXGroup;
			children = (
				F0A1A8832573F48000E68C10 /* Info.plist */,
				F0A1A8842573F48000E68C10 /* macOS.entitlements */,
			);
			path = macOS;
			sourceTree = "<group>";
		};
/* End PBXGroup section */

/* Begin PBXNativeTarget section */
		F0A1A8782573F48000E68C10 /* Test8200ac (iOS) */ = {
			isa = PBXNativeTarget;
			buildConfigurationList = F0A1A88D2573F48000E68C10 /* Build configuration list for PBXNativeTarget "Test8200ac (iOS)" */;
			buildPhases = (
				BE8CEE6BD6CC8BC73161E0B4 /* [CP] Check Pods Manifest.lock */,
				F0A1A8752573F48000E68C10 /* Sources */,
				F0A1A8762573F48000E68C10 /* Frameworks */,
				F0A1A8772573F48000E68C10 /* Resources */,
				733C579F18427F532C0920D8 /* [CP] Embed Pods Frameworks */,
			);
			buildRules = (
			);
			dependencies = (
			);
			name = "Test8200ac (iOS)";
			productName = "Test8200ac (iOS)";
			productReference = F0A1A8792573F48000E68C10 /* Test8200ac.app */;
			productType = "com.apple.product-type.application";
		};
		F0A1A8802573F48000E68C10 /* Test8200ac (macOS) */ = {
			isa = PBXNativeTarget;
			buildConfigurationList = F0A1A8902573F48000E68C10 /* Build configuration list for PBXNativeTarget "Test8200ac (macOS)" */;
			buildPhases = (
				BE41A3A4D846436351314441 /* [CP] Check Pods Manifest.lock */,
				F0A1A87D2573F48000E68C10 /* Sources */,
				F0A1A87E2573F48000E68C10 /* Frameworks */,
				F0A1A87F2573F48000E68C10 /* Resources */,
			);
			buildRules = (
			);
			dependencies = (
			);
			name = "Test8200ac (macOS)";
			productName = "Test8200ac (macOS)";
			productReference = F0A1A8812573F48000E68C10 /* Test8200ac.app */;
			productType = "com.apple.product-type.application";
		};
/* End PBXNativeTarget section */

/* Begin PBXProject section */
		F0A1A86D2573F47900E68C10 /* Project object */ = {
			isa = PBXProject;
			attributes = {
				LastSwiftUpdateCheck = 1220;
				LastUpgradeCheck = 1220;
				TargetAttributes = {
					F0A1A8782573F48000E68C10 = {
						CreatedOnToolsVersion = 12.2;
					};
					F0A1A8802573F48000E68C10 = {
						CreatedOnToolsVersion = 12.2;
					};
				};
			};
			buildConfigurationList = F0A1A8702573F47900E68C10 /* Build configuration list for PBXProject "test8200ac" */;
			compatibilityVersion = "Xcode 9.3";
			developmentRegion = en;
			hasScannedForEncodings = 0;
			knownRegions = (
				en,
				Base,
			);
			mainGroup = F0A1A86C2573F47900E68C10;
			productRefGroup = F0A1A87A2573F48000E68C10 /* Products */;
			projectDirPath = "";
			projectRoot = "";
			targets = (
				F0A1A8782573F48000E68C10 /* Test8200ac (iOS) */,
				F0A1A8802573F48000E68C10 /* Test8200ac (macOS) */,
			);
		};
/* End PBXProject section */

/* Begin PBXResourcesBuildPhase section */
		F0A1A8772573F48000E68C10 /* Resources */ = {
			isa = PBXResourcesBuildPhase;
			buildActionMask = 2147483647;
			files = (
				F0A1A8892573F48000E68C10 /* Assets.xcassets in Resources */,
			);
			runOnlyForDeploymentPostprocessing = 0;
		};
		F0A1A87F2573F48000E68C10 /* Resources */ = {
			isa = PBXResourcesBuildPhase;
			buildActionMask = 2147483647;
			files = (
				F0A1A88A2573F48000E68C10 /* Assets.xcassets in Resources */,
			);
			runOnlyForDeploymentPostprocessing = 0;
		};
/* End PBXResourcesBuildPhase section */

/* Begin PBXShellScriptBuildPhase section */
		733C579F18427F532C0920D8 /* [CP] Embed Pods Frameworks */ = {
			isa = PBXShellScriptBuildPhase;
			buildActionMask = 2147483647;
			files = (
			);
			inputFileListPaths = (
				"${PODS_ROOT}/Target Support Files/Pods-Test8200ac (iOS)/Pods-Test8200ac (iOS)-frameworks-${CONFIGURATION}-input-files.xcfilelist",
			);
			name = "[CP] Embed Pods Frameworks";
			outputFileListPaths = (
				"${PODS_ROOT}/Target Support Files/Pods-Test8200ac (iOS)/Pods-Test8200ac (iOS)-frameworks-${CONFIGURATION}-output-files.xcfilelist",
			);
			runOnlyForDeploymentPostprocessing = 0;
			shellPath = /bin/sh;
			shellScript = "\"${PODS_ROOT}/Target Support Files/Pods-Test8200ac (iOS)/Pods-Test8200ac (iOS)-frameworks.sh\"\n";
			showEnvVarsInLog = 0;
		};
		BE41A3A4D846436351314441 /* [CP] Check Pods Manifest.lock */ = {
			isa = PBXShellScriptBuildPhase;
			buildActionMask = 2147483647;
			files = (
			);
			inputFileListPaths = (
			);
			inputPaths = (
				"${PODS_PODFILE_DIR_PATH}/Podfile.lock",
				"${PODS_ROOT}/Manifest.lock",
			);
			name = "[CP] Check Pods Manifest.lock";
			outputFileListPaths = (
			);
			outputPaths = (
				"$(DERIVED_FILE_DIR)/Pods-Test8200ac (macOS)-checkManifestLockResult.txt",
			);
			runOnlyForDeploymentPostprocessing = 0;
			shellPath = /bin/sh;
			shellScript = "diff \"${PODS_PODFILE_DIR_PATH}/Podfile.lock\" \"${PODS_ROOT}/Manifest.lock\" > /dev/null\nif [ $? != 0 ] ; then\n    # print error to STDERR\n    echo \"error: The sandbox is not in sync with the Podfile.lock. Run 'pod install' or update your CocoaPods installation.\" >&2\n    exit 1\nfi\n# This output is used by Xcode 'outputs' to avoid re-running this script phase.\necho \"SUCCESS\" > \"${SCRIPT_OUTPUT_FILE_0}\"\n";
			showEnvVarsInLog = 0;
		};
		BE8CEE6BD6CC8BC73161E0B4 /* [CP] Check Pods Manifest.lock */ = {
			isa = PBXShellScriptBuildPhase;
			buildActionMask = 2147483647;
			files = (
			);
			inputFileListPaths = (
			);
			inputPaths = (
				"${PODS_PODFILE_DIR_PATH}/Podfile.lock",
				"${PODS_ROOT}/Manifest.lock",
			);
			name = "[CP] Check Pods Manifest.lock";
			outputFileListPaths = (
			);
			outputPaths = (
				"$(DERIVED_FILE_DIR)/Pods-Test8200ac (iOS)-checkManifestLockResult.txt",
			);
			runOnlyForDeploymentPostprocessing = 0;
			shellPath = /bin/sh;
			shellScript = "diff \"${PODS_PODFILE_DIR_PATH}/Podfile.lock\" \"${PODS_ROOT}/Manifest.lock\" > /dev/null\nif [ $? != 0 ] ; then\n    # print error to STDERR\n    echo \"error: The sandbox is not in sync with the Podfile.lock. Run 'pod install' or update your CocoaPods installation.\" >&2\n    exit 1\nfi\n# This output is used by Xcode 'outputs' to avoid re-running this script phase.\necho \"SUCCESS\" > \"${SCRIPT_OUTPUT_FILE_0}\"\n";
			showEnvVarsInLog = 0;
		};
/* End PBXShellScriptBuildPhase section */

/* Begin PBXSourcesBuildPhase section */
		F0A1A8752573F48000E68C10 /* Sources */ = {
			isa = PBXSourcesBuildPhase;
			buildActionMask = 2147483647;
			files = (
				F0A1A8872573F48000E68C10 /* ContentView.swift in Sources */,
				F0D1EA392574182B000E7BCE /* MovieDetails.swift in Sources */,
				F0A1A8852573F48000E68C10 /* Test8200acApp.swift in Sources */,
				F0532ED32574142700BD404E /* SearchBar.swift in Sources */,
				F0A1A89F2573F6F000E68C10 /* Movie.swift in Sources */,
				F05284EA257446FF005A0F52 /* RoundedGroupBoxStyle.swift in Sources */,
				F0A1A8A42573F7A900E68C10 /* MoviesViewModel.swift in Sources */,
				F0532ED82574145A00BD404E /* SearchMovieView.swift in Sources */,
			);
			runOnlyForDeploymentPostprocessing = 0;
		};
		F0A1A87D2573F48000E68C10 /* Sources */ = {
			isa = PBXSourcesBuildPhase;
			buildActionMask = 2147483647;
			files = (
				F0A1A8882573F48000E68C10 /* ContentView.swift in Sources */,
				F0D1EA3A2574182B000E7BCE /* MovieDetails.swift in Sources */,
				F0A1A8862573F48000E68C10 /* Test8200acApp.swift in Sources */,
				F0532ED42574142700BD404E /* SearchBar.swift in Sources */,
				F0A1A8A02573F6F000E68C10 /* Movie.swift in Sources */,
				F05284EB257446FF005A0F52 /* RoundedGroupBoxStyle.swift in Sources */,
				F0A1A8A52573F7A900E68C10 /* MoviesViewModel.swift in Sources */,
				F0532ED92574145A00BD404E /* SearchMovieView.swift in Sources */,
			);
			runOnlyForDeploymentPostprocessing = 0;
		};
/* End PBXSourcesBuildPhase section */

/* Begin XCBuildConfiguration section */
		F0A1A88B2573F48000E68C10 /* Debug */ = {
			isa = XCBuildConfiguration;
			buildSettings = {
				ALWAYS_SEARCH_USER_PATHS = NO;
				CLANG_ANALYZER_NONNULL = YES;
				CLANG_ANALYZER_NUMBER_OBJECT_CONVERSION = YES_AGGRESSIVE;
				CLANG_CXX_LANGUAGE_STANDARD = "gnu++14";
				CLANG_CXX_LIBRARY = "libc++";
				CLANG_ENABLE_MODULES = YES;
				CLANG_ENABLE_OBJC_ARC = YES;
				CLANG_ENABLE_OBJC_WEAK = YES;
				CLANG_WARN_BLOCK_CAPTURE_AUTORELEASING = YES;
				CLANG_WARN_BOOL_CONVERSION = YES;
				CLANG_WARN_COMMA = YES;
				CLANG_WARN_CONSTANT_CONVERSION = YES;
				CLANG_WARN_DEPRECATED_OBJC_IMPLEMENTATIONS = YES;
				CLANG_WARN_DIRECT_OBJC_ISA_USAGE = YES_ERROR;
				CLANG_WARN_DOCUMENTATION_COMMENTS = YES;
				CLANG_WARN_EMPTY_BODY = YES;
				CLANG_WARN_ENUM_CONVERSION = YES;
				CLANG_WARN_INFINITE_RECURSION = YES;
				CLANG_WARN_INT_CONVERSION = YES;
				CLANG_WARN_NON_LITERAL_NULL_CONVERSION = YES;
				CLANG_WARN_OBJC_IMPLICIT_RETAIN_SELF = YES;
				CLANG_WARN_OBJC_LITERAL_CONVERSION = YES;
				CLANG_WARN_OBJC_ROOT_CLASS = YES_ERROR;
				CLANG_WARN_QUOTED_INCLUDE_IN_FRAMEWORK_HEADER = YES;
				CLANG_WARN_RANGE_LOOP_ANALYSIS = YES;
				CLANG_WARN_STRICT_PROTOTYPES = YES;
				CLANG_WARN_SUSPICIOUS_MOVE = YES;
				CLANG_WARN_UNGUARDED_AVAILABILITY = YES_AGGRESSIVE;
				CLANG_WARN_UNREACHABLE_CODE = YES;
				CLANG_WARN__DUPLICATE_METHOD_MATCH = YES;
				COPY_PHASE_STRIP = NO;
				DEBUG_INFORMATION_FORMAT = dwarf;
				ENABLE_STRICT_OBJC_MSGSEND = YES;
				ENABLE_TESTABILITY = YES;
				GCC_C_LANGUAGE_STANDARD = gnu11;
				GCC_DYNAMIC_NO_PIC = NO;
				GCC_NO_COMMON_BLOCKS = YES;
				GCC_OPTIMIZATION_LEVEL = 0;
				GCC_PREPROCESSOR_DEFINITIONS = (
					"DEBUG=1",
					"$(inherited)",
				);
				GCC_WARN_64_TO_32_BIT_CONVERSION = YES;
				GCC_WARN_ABOUT_RETURN_TYPE = YES_ERROR;
				GCC_WARN_UNDECLARED_SELECTOR = YES;
				GCC_WARN_UNINITIALIZED_AUTOS = YES_AGGRESSIVE;
				GCC_WARN_UNUSED_FUNCTION = YES;
				GCC_WARN_UNUSED_VARIABLE = YES;
				MTL_ENABLE_DEBUG_INFO = INCLUDE_SOURCE;
				MTL_FAST_MATH = YES;
				ONLY_ACTIVE_ARCH = YES;
				SWIFT_ACTIVE_COMPILATION_CONDITIONS = DEBUG;
				SWIFT_OPTIMIZATION_LEVEL = "-Onone";
			};
			name = Debug;
		};
		F0A1A88C2573F48000E68C10 /* Release */ = {
			isa = XCBuildConfiguration;
			buildSettings = {
				ALWAYS_SEARCH_USER_PATHS = NO;
				CLANG_ANALYZER_NONNULL = YES;
				CLANG_ANALYZER_NUMBER_OBJECT_CONVERSION = YES_AGGRESSIVE;
				CLANG_CXX_LANGUAGE_STANDARD = "gnu++14";
				CLANG_CXX_LIBRARY = "libc++";
				CLANG_ENABLE_MODULES = YES;
				CLANG_ENABLE_OBJC_ARC = YES;
				CLANG_ENABLE_OBJC_WEAK = YES;
				CLANG_WARN_BLOCK_CAPTURE_AUTORELEASING = YES;
				CLANG_WARN_BOOL_CONVERSION = YES;
				CLANG_WARN_COMMA = YES;
				CLANG_WARN_CONSTANT_CONVERSION = YES;
				CLANG_WARN_DEPRECATED_OBJC_IMPLEMENTATIONS = YES;
				CLANG_WARN_DIRECT_OBJC_ISA_USAGE = YES_ERROR;
				CLANG_WARN_DOCUMENTATION_COMMENTS = YES;
				CLANG_WARN_EMPTY_BODY = YES;
				CLANG_WARN_ENUM_CONVERSION = YES;
				CLANG_WARN_INFINITE_RECURSION = YES;
				CLANG_WARN_INT_CONVERSION = YES;
				CLANG_WARN_NON_LITERAL_NULL_CONVERSION = YES;
				CLANG_WARN_OBJC_IMPLICIT_RETAIN_SELF = YES;
				CLANG_WARN_OBJC_LITERAL_CONVERSION = YES;
				CLANG_WARN_OBJC_ROOT_CLASS = YES_ERROR;
				CLANG_WARN_QUOTED_INCLUDE_IN_FRAMEWORK_HEADER = YES;
				CLANG_WARN_RANGE_LOOP_ANALYSIS = YES;
				CLANG_WARN_STRICT_PROTOTYPES = YES;
				CLANG_WARN_SUSPICIOUS_MOVE = YES;
				CLANG_WARN_UNGUARDED_AVAILABILITY = YES_AGGRESSIVE;
				CLANG_WARN_UNREACHABLE_CODE = YES;
				CLANG_WARN__DUPLICATE_METHOD_MATCH = YES;
				COPY_PHASE_STRIP = NO;
				DEBUG_INFORMATION_FORMAT = "dwarf-with-dsym";
				ENABLE_NS_ASSERTIONS = NO;
				ENABLE_STRICT_OBJC_MSGSEND = YES;
				GCC_C_LANGUAGE_STANDARD = gnu11;
				GCC_NO_COMMON_BLOCKS = YES;
				GCC_WARN_64_TO_32_BIT_CONVERSION = YES;
				GCC_WARN_ABOUT_RETURN_TYPE = YES_ERROR;
				GCC_WARN_UNDECLARED_SELECTOR = YES;
				GCC_WARN_UNINITIALIZED_AUTOS = YES_AGGRESSIVE;
				GCC_WARN_UNUSED_FUNCTION = YES;
				GCC_WARN_UNUSED_VARIABLE = YES;
				MTL_ENABLE_DEBUG_INFO = NO;
				MTL_FAST_MATH = YES;
				SWIFT_COMPILATION_MODE = wholemodule;
				SWIFT_OPTIMIZATION_LEVEL = "-O";
			};
			name = Release;
		};
		F0A1A88E2573F48000E68C10 /* Debug */ = {
			isa = XCBuildConfiguration;
			baseConfigurationReference = 5CB0C176801B38F92E2EC44D /* Pods-Test8200ac (iOS).debug.xcconfig */;
			buildSettings = {
				ASSETCATALOG_COMPILER_APPICON_NAME = AppIcon;
				ASSETCATALOG_COMPILER_GLOBAL_ACCENT_COLOR_NAME = AccentColor;
				CODE_SIGN_STYLE = Automatic;
				DEVELOPMENT_TEAM = DL94QK6AQ3;
				ENABLE_PREVIEWS = YES;
				INFOPLIST_FILE = iOS/Info.plist;
				IPHONEOS_DEPLOYMENT_TARGET = 14.0;
				LD_RUNPATH_SEARCH_PATHS = (
					"$(inherited)",
					"@executable_path/Frameworks",
				);
				PRODUCT_BUNDLE_IDENTIFIER = com.elai.Test8200ac;
				PRODUCT_NAME = Test8200ac;
				SDKROOT = iphoneos;
				SWIFT_VERSION = 5.0;
				TARGETED_DEVICE_FAMILY = "1,2";
			};
			name = Debug;
		};
		F0A1A88F2573F48000E68C10 /* Release */ = {
			isa = XCBuildConfiguration;
			baseConfigurationReference = 5C01226DF826DDE1B283D050 /* Pods-Test8200ac (iOS).release.xcconfig */;
			buildSettings = {
				ASSETCATALOG_COMPILER_APPICON_NAME = AppIcon;
				ASSETCATALOG_COMPILER_GLOBAL_ACCENT_COLOR_NAME = AccentColor;
				CODE_SIGN_STYLE = Automatic;
				DEVELOPMENT_TEAM = DL94QK6AQ3;
				ENABLE_PREVIEWS = YES;
				INFOPLIST_FILE = iOS/Info.plist;
				IPHONEOS_DEPLOYMENT_TARGET = 14.0;
				LD_RUNPATH_SEARCH_PATHS = (
					"$(inherited)",
					"@executable_path/Frameworks",
				);
				PRODUCT_BUNDLE_IDENTIFIER = com.elai.Test8200ac;
				PRODUCT_NAME = Test8200ac;
				SDKROOT = iphoneos;
				SWIFT_VERSION = 5.0;
				TARGETED_DEVICE_FAMILY = "1,2";
				VALIDATE_PRODUCT = YES;
			};
			name = Release;
		};
		F0A1A8912573F48000E68C10 /* Debug */ = {
			isa = XCBuildConfiguration;
			baseConfigurationReference = 43BAEEC2C5211B0B4F3E71E0 /* Pods-Test8200ac (macOS).debug.xcconfig */;
			buildSettings = {
				ASSETCATALOG_COMPILER_APPICON_NAME = AppIcon;
				ASSETCATALOG_COMPILER_GLOBAL_ACCENT_COLOR_NAME = AccentColor;
				CODE_SIGN_ENTITLEMENTS = macOS/macOS.entitlements;
				CODE_SIGN_STYLE = Automatic;
				COMBINE_HIDPI_IMAGES = YES;
				DEVELOPMENT_TEAM = DL94QK6AQ3;
				ENABLE_HARDENED_RUNTIME = YES;
				ENABLE_PREVIEWS = YES;
				INFOPLIST_FILE = macOS/Info.plist;
				LD_RUNPATH_SEARCH_PATHS = (
					"$(inherited)",
					"@executable_path/../Frameworks",
				);
				MACOSX_DEPLOYMENT_TARGET = 11.0;
				PRODUCT_BUNDLE_IDENTIFIER = com.elai.Test8200ac;
				PRODUCT_NAME = Test8200ac;
				SDKROOT = macosx;
				SWIFT_VERSION = 5.0;
			};
			name = Debug;
		};
		F0A1A8922573F48000E68C10 /* Release */ = {
			isa = XCBuildConfiguration;
			baseConfigurationReference = 34EBB7673BB77E908F983C23 /* Pods-Test8200ac (macOS).release.xcconfig */;
			buildSettings = {
				ASSETCATALOG_COMPILER_APPICON_NAME = AppIcon;
				ASSETCATALOG_COMPILER_GLOBAL_ACCENT_COLOR_NAME = AccentColor;
				CODE_SIGN_ENTITLEMENTS = macOS/macOS.entitlements;
				CODE_SIGN_STYLE = Automatic;
				COMBINE_HIDPI_IMAGES = YES;
				DEVELOPMENT_TEAM = DL94QK6AQ3;
				ENABLE_HARDENED_RUNTIME = YES;
				ENABLE_PREVIEWS = YES;
				INFOPLIST_FILE = macOS/Info.plist;
				LD_RUNPATH_SEARCH_PATHS = (
					"$(inherited)",
					"@executable_path/../Frameworks",
				);
				MACOSX_DEPLOYMENT_TARGET = 11.0;
				PRODUCT_BUNDLE_IDENTIFIER = com.elai.Test8200ac;
				PRODUCT_NAME = Test8200ac;
				SDKROOT = macosx;
				SWIFT_VERSION = 5.0;
			};
			name = Release;
		};
/* End XCBuildConfiguration section */

/* Begin XCConfigurationList section */
		F0A1A8702573F47900E68C10 /* Build configuration list for PBXProject "test8200ac" */ = {
			isa = XCConfigurationList;
			buildConfigurations = (
				F0A1A88B2573F48000E68C10 /* Debug */,
				F0A1A88C2573F48000E68C10 /* Release */,
			);
			defaultConfigurationIsVisible = 0;
			defaultConfigurationName = Release;
		};
		F0A1A88D2573F48000E68C10 /* Build configuration list for PBXNativeTarget "Test8200ac (iOS)" */ = {
			isa = XCConfigurationList;
			buildConfigurations = (
				F0A1A88E2573F48000E68C10 /* Debug */,
				F0A1A88F2573F48000E68C10 /* Release */,
			);
			defaultConfigurationIsVisible = 0;
			defaultConfigurationName = Release;
		};
		F0A1A8902573F48000E68C10 /* Build configuration list for PBXNativeTarget "Test8200ac (macOS)" */ = {
			isa = XCConfigurationList;
			buildConfigurations = (
				F0A1A8912573F48000E68C10 /* Debug */,
				F0A1A8922573F48000E68C10 /* Release */,
			);
			defaultConfigurationIsVisible = 0;
			defaultConfigurationName = Release;
		};
/* End XCConfigurationList section */
	};
	rootObject = F0A1A86D2573F47900E68C10 /* Project object */;
}
