// !$*UTF8*$!
{
	archiveVersion = 1;
	classes = {
	};
	objectVersion = 50;
	objects = {

/* Begin PBXBuildFile section */
		F0A1A8852573F48000E68C10 /* Test8200acApp.swift in Sources */ = {isa = PBXBuildFile; fileRef = F0A1A8722573F47900E68C10 /* Test8200acApp.swift */; };
		F0A1A8862573F48000E68C10 /* Test8200acApp.swift in Sources */ = {isa = PBXBuildFile; fileRef = F0A1A8722573F47900E68C10 /* Test8200acApp.swift */; };
		F0A1A8872573F48000E68C10 /* ContentView.swift in Sources */ = {isa = PBXBuildFile; fileRef = F0A1A8732573F47900E68C10 /* ContentView.swift */; };
		F0A1A8882573F48000E68C10 /* ContentView.swift in Sources */ = {isa = PBXBuildFile; fileRef = F0A1A8732573F47900E68C10 /* ContentView.swift */; };
		F0A1A8892573F48000E68C10 /* Assets.xcassets in Resources */ = {isa = PBXBuildFile; fileRef = F0A1A8742573F48000E68C10 /* Assets.xcassets */; };
		F0A1A88A2573F48000E68C10 /* Assets.xcassets in Resources */ = {isa = PBXBuildFile; fileRef = F0A1A8742573F48000E68C10 /* Assets.xcassets */; };
/* End PBXBuildFile section */

/* Begin PBXFileReference section */
		F0A1A8722573F47900E68C10 /* Test8200acApp.swift */ = {isa = PBXFileReference; lastKnownFileType = sourcecode.swift; path = Test8200acApp.swift; sourceTree = "<group>"; };
		F0A1A8732573F47900E68C10 /* ContentView.swift */ = {isa = PBXFileReference; lastKnownFileType = sourcecode.swift; path = ContentView.swift; sourceTree = "<group>"; };
		F0A1A8742573F48000E68C10 /* Assets.xcassets */ = {isa = PBXFileReference; lastKnownFileType = folder.assetcatalog; path = Assets.xcassets; sourceTree = "<group>"; };
		F0A1A8792573F48000E68C10 /* Test8200ac.app */ = {isa = PBXFileReference; explicitFileType = wrapper.application; includeInIndex = 0; path = Test8200ac.app; sourceTree = BUILT_PRODUCTS_DIR; };
		F0A1A87C2573F48000E68C10 /* Info.plist */ = {isa = PBXFileReference; lastKnownFileType = text.plist.xml; path = Info.plist; sourceTree = "<group>"; };
		F0A1A8812573F48000E68C10 /* Test8200ac.app */ = {isa = PBXFileReference; explicitFileType = wrapper.application; includeInIndex = 0; path = Test8200ac.app; sourceTree = BUILT_PRODUCTS_DIR; };
		F0A1A8832573F48000E68C10 /* Info.plist */ = {isa = PBXFileReference; lastKnownFileType = text.plist.xml; path = Info.plist; sourceTree = "<group>"; };
		F0A1A8842573F48000E68C10 /* macOS.entitlements */ = {isa = PBXFileReference; lastKnownFileType = text.plist.entitlements; path = macOS.entitlements; sourceTree = "<group>"; };
/* End PBXFileReference section */

/* Begin PBXFrameworksBuildPhase section */
		F0A1A8762573F48000E68C10 /* Frameworks */ = {
			isa = PBXFrameworksBuildPhase;
			buildActionMask = 2147483647;
			files = (
			);
			runOnlyForDeploymentPostprocessing = 0;
		};
		F0A1A87E2573F48000E68C10 /* Frameworks */ = {
			isa = PBXFrameworksBuildPhase;
			buildActionMask = 2147483647;
			files = (
			);
			runOnlyForDeploymentPostprocessing = 0;
		};
/* End PBXFrameworksBuildPhase section */

/* Begin PBXGroup section */
		F0A1A86C2573F47900E68C10 = {
			isa = PBXGroup;
			children = (
				F0A1A8712573F47900E68C10 /* Shared */,
				F0A1A87B2573F48000E68C10 /* iOS */,
				F0A1A8822573F48000E68C10 /* macOS */,
				F0A1A87A2573F48000E68C10 /* Products */,
			);
			sourceTree = "<group>";
		};
		F0A1A8712573F47900E68C10 /* Shared */ = {
			isa = PBXGroup;
			children = (
				F0A1A8722573F47900E68C10 /* Test8200acApp.swift */,
				F0A1A8732573F47900E68C10 /* ContentView.swift */,
				F0A1A8742573F48000E68C10 /* Assets.xcassets */,
			);
			path = Shared;
			sourceTree = "<group>";
		};
		F0A1A87A2573F48000E68C10 /* Products */ = {
			isa = PBXGroup;
			children = (
				F0A1A8792573F48000E68C10 /* Test8200ac.app */,
				F0A1A8812573F48000E68C10 /* Test8200ac.app */,
			);
			name = Products;
			sourceTree = "<group>";
		};
		F0A1A87B2573F48000E68C10 /* iOS */ = {
			isa = PBXGroup;
			children = (
				F0A1A87C2573F48000E68C10 /* Info.plist */,
			);
			path = iOS;
			sourceTree = "<group>";
		};
		F0A1A8822573F48000E68C10 /* macOS */ = {
			isa = PBXGroup;
			children = (
				F0A1A8832573F48000E68C10 /* Info.plist */,
				F0A1A8842573F48000E68C10 /* macOS.entitlements */,
			);
			path = macOS;
			sourceTree = "<group>";
		};
/* End PBXGroup section */

/* Begin PBXNativeTarget section */
		F0A1A8782573F48000E68C10 /* Test8200ac (iOS) */ = {
			isa = PBXNativeTarget;
			buildConfigurationList = F0A1A88D2573F48000E68C10 /* Build configuration list for PBXNativeTarget "Test8200ac (iOS)" */;
			buildPhases = (
				F0A1A8752573F48000E68C10 /* Sources */,
				F0A1A8762573F48000E68C10 /* Frameworks */,
				F0A1A8772573F48000E68C10 /* Resources */,
			);
			buildRules = (
			);
			dependencies = (
			);
			name = "Test8200ac (iOS)";
			productName = "Test8200ac (iOS)";
			productReference = F0A1A8792573F48000E68C10 /* Test8200ac.app */;
			productType = "com.apple.product-type.application";
		};
		F0A1A8802573F48000E68C10 /* Test8200ac (macOS) */ = {
			isa = PBXNativeTarget;
			buildConfigurationList = F0A1A8902573F48000E68C10 /* Build configuration list for PBXNativeTarget "Test8200ac (macOS)" */;
			buildPhases = (
				F0A1A87D2573F48000E68C10 /* Sources */,
				F0A1A87E2573F48000E68C10 /* Frameworks */,
				F0A1A87F2573F48000E68C10 /* Resources */,
			);
			buildRules = (
			);
			dependencies = (
			);
			name = "Test8200ac (macOS)";
			productName = "Test8200ac (macOS)";
			productReference = F0A1A8812573F48000E68C10 /* Test8200ac.app */;
			productType = "com.apple.product-type.application";
		};
/* End PBXNativeTarget section */

/* Begin PBXProject section */
		F0A1A86D2573F47900E68C10 /* Project object */ = {
			isa = PBXProject;
			attributes = {
				LastSwiftUpdateCheck = 1220;
				LastUpgradeCheck = 1220;
				TargetAttributes = {
					F0A1A8782573F48000E68C10 = {
						CreatedOnToolsVersion = 12.2;
					};
					F0A1A8802573F48000E68C10 = {
						CreatedOnToolsVersion = 12.2;
					};
				};
			};
			buildConfigurationList = F0A1A8702573F47900E68C10 /* Build configuration list for PBXProject "Test8200ac" */;
			compatibilityVersion = "Xcode 9.3";
			developmentRegion = en;
			hasScannedForEncodings = 0;
			knownRegions = (
				en,
				Base,
			);
			mainGroup = F0A1A86C2573F47900E68C10;
			productRefGroup = F0A1A87A2573F48000E68C10 /* Products */;
			projectDirPath = "";
			projectRoot = "";
			targets = (
				F0A1A8782573F48000E68C10 /* Test8200ac (iOS) */,
				F0A1A8802573F48000E68C10 /* Test8200ac (macOS) */,
			);
		};
/* End PBXProject section */

/* Begin PBXResourcesBuildPhase section */
		F0A1A8772573F48000E68C10 /* Resources */ = {
			isa = PBXResourcesBuildPhase;
			buildActionMask = 2147483647;
			files = (
				F0A1A8892573F48000E68C10 /* Assets.xcassets in Resources */,
			);
			runOnlyForDeploymentPostprocessing = 0;
		};
		F0A1A87F2573F48000E68C10 /* Resources */ = {
			isa = PBXResourcesBuildPhase;
			buildActionMask = 2147483647;
			files = (
				F0A1A88A2573F48000E68C10 /* Assets.xcassets in Resources */,
			);
			runOnlyForDeploymentPostprocessing = 0;
		};
/* End PBXResourcesBuildPhase section */

/* Begin PBXSourcesBuildPhase section */
		F0A1A8752573F48000E68C10 /* Sources */ = {
			isa = PBXSourcesBuildPhase;
			buildActionMask = 2147483647;
			files = (
				F0A1A8872573F48000E68C10 /* ContentView.swift in Sources */,
				F0A1A8852573F48000E68C10 /* Test8200acApp.swift in Sources */,
			);
			runOnlyForDeploymentPostprocessing = 0;
		};
		F0A1A87D2573F48000E68C10 /* Sources */ = {
			isa = PBXSourcesBuildPhase;
			buildActionMask = 2147483647;
			files = (
				F0A1A8882573F48000E68C10 /* ContentView.swift in Sources */,
				F0A1A8862573F48000E68C10 /* Test8200acApp.swift in Sources */,
			);
			runOnlyForDeploymentPostprocessing = 0;
		};
/* End PBXSourcesBuildPhase section */

/* Begin XCBuildConfiguration section */
		F0A1A88B2573F48000E68C10 /* Debug */ = {
			isa = XCBuildConfiguration;
			buildSettings = {
				ALWAYS_SEARCH_USER_PATHS = NO;
				CLANG_ANALYZER_NONNULL = YES;
				CLANG_ANALYZER_NUMBER_OBJECT_CONVERSION = YES_AGGRESSIVE;
				CLANG_CXX_LANGUAGE_STANDARD = "gnu++14";
				CLANG_CXX_LIBRARY = "libc++";
				CLANG_ENABLE_MODULES = YES;
				CLANG_ENABLE_OBJC_ARC = YES;
				CLANG_ENABLE_OBJC_WEAK = YES;
				CLANG_WARN_BLOCK_CAPTURE_AUTORELEASING = YES;
				CLANG_WARN_BOOL_CONVERSION = YES;
				CLANG_WARN_COMMA = YES;
				CLANG_WARN_CONSTANT_CONVERSION = YES;
				CLANG_WARN_DEPRECATED_OBJC_IMPLEMENTATIONS = YES;
				CLANG_WARN_DIRECT_OBJC_ISA_USAGE = YES_ERROR;
				CLANG_WARN_DOCUMENTATION_COMMENTS = YES;
				CLANG_WARN_EMPTY_BODY = YES;
				CLANG_WARN_ENUM_CONVERSION = YES;
				CLANG_WARN_INFINITE_RECURSION = YES;
				CLANG_WARN_INT_CONVERSION = YES;
				CLANG_WARN_NON_LITERAL_NULL_CONVERSION = YES;
				CLANG_WARN_OBJC_IMPLICIT_RETAIN_SELF = YES;
				CLANG_WARN_OBJC_LITERAL_CONVERSION = YES;
				CLANG_WARN_OBJC_ROOT_CLASS = YES_ERROR;
				CLANG_WARN_QUOTED_INCLUDE_IN_FRAMEWORK_HEADER = YES;
				CLANG_WARN_RANGE_LOOP_ANALYSIS = YES;
				CLANG_WARN_STRICT_PROTOTYPES = YES;
				CLANG_WARN_SUSPICIOUS_MOVE = YES;
				CLANG_WARN_UNGUARDED_AVAILABILITY = YES_AGGRESSIVE;
				CLANG_WARN_UNREACHABLE_CODE = YES;
				CLANG_WARN__DUPLICATE_METHOD_MATCH = YES;
				COPY_PHASE_STRIP = NO;
				DEBUG_INFORMATION_FORMAT = dwarf;
				ENABLE_STRICT_OBJC_MSGSEND = YES;
				ENABLE_TESTABILITY = YES;
				GCC_C_LANGUAGE_STANDARD = gnu11;
				GCC_DYNAMIC_NO_PIC = NO;
				GCC_NO_COMMON_BLOCKS = YES;
				GCC_OPTIMIZATION_LEVEL = 0;
				GCC_PREPROCESSOR_DEFINITIONS = (
					"DEBUG=1",
					"$(inherited)",
				);
				GCC_WARN_64_TO_32_BIT_CONVERSION = YES;
				GCC_WARN_ABOUT_RETURN_TYPE = YES_ERROR;
				GCC_WARN_UNDECLARED_SELECTOR = YES;
				GCC_WARN_UNINITIALIZED_AUTOS = YES_AGGRESSIVE;
				GCC_WARN_UNUSED_FUNCTION = YES;
				GCC_WARN_UNUSED_VARIABLE = YES;
				MTL_ENABLE_DEBUG_INFO = INCLUDE_SOURCE;
				MTL_FAST_MATH = YES;
				ONLY_ACTIVE_ARCH = YES;
				SWIFT_ACTIVE_COMPILATION_CONDITIONS = DEBUG;
				SWIFT_OPTIMIZATION_LEVEL = "-Onone";
			};
			name = Debug;
		};
		F0A1A88C2573F48000E68C10 /* Release */ = {
			isa = XCBuildConfiguration;
			buildSettings = {
				ALWAYS_SEARCH_USER_PATHS = NO;
				CLANG_ANALYZER_NONNULL = YES;
				CLANG_ANALYZER_NUMBER_OBJECT_CONVERSION = YES_AGGRESSIVE;
				CLANG_CXX_LANGUAGE_STANDARD = "gnu++14";
				CLANG_CXX_LIBRARY = "libc++";
				CLANG_ENABLE_MODULES = YES;
				CLANG_ENABLE_OBJC_ARC = YES;
				CLANG_ENABLE_OBJC_WEAK = YES;
				CLANG_WARN_BLOCK_CAPTURE_AUTORELEASING = YES;
				CLANG_WARN_BOOL_CONVERSION = YES;
				CLANG_WARN_COMMA = YES;
				CLANG_WARN_CONSTANT_CONVERSION = YES;
				CLANG_WARN_DEPRECATED_OBJC_IMPLEMENTATIONS = YES;
				CLANG_WARN_DIRECT_OBJC_ISA_USAGE = YES_ERROR;
				CLANG_WARN_DOCUMENTATION_COMMENTS = YES;
				CLANG_WARN_EMPTY_BODY = YES;
				CLANG_WARN_ENUM_CONVERSION = YES;
				CLANG_WARN_INFINITE_RECURSION = YES;
				CLANG_WARN_INT_CONVERSION = YES;
				CLANG_WARN_NON_LITERAL_NULL_CONVERSION = YES;
				CLANG_WARN_OBJC_IMPLICIT_RETAIN_SELF = YES;
				CLANG_WARN_OBJC_LITERAL_CONVERSION = YES;
				CLANG_WARN_OBJC_ROOT_CLASS = YES_ERROR;
				CLANG_WARN_QUOTED_INCLUDE_IN_FRAMEWORK_HEADER = YES;
				CLANG_WARN_RANGE_LOOP_ANALYSIS = YES;
				CLANG_WARN_STRICT_PROTOTYPES = YES;
				CLANG_WARN_SUSPICIOUS_MOVE = YES;
				CLANG_WARN_UNGUARDED_AVAILABILITY = YES_AGGRESSIVE;
				CLANG_WARN_UNREACHABLE_CODE = YES;
				CLANG_WARN__DUPLICATE_METHOD_MATCH = YES;
				COPY_PHASE_STRIP = NO;
				DEBUG_INFORMATION_FORMAT = "dwarf-with-dsym";
				ENABLE_NS_ASSERTIONS = NO;
				ENABLE_STRICT_OBJC_MSGSEND = YES;
				GCC_C_LANGUAGE_STANDARD = gnu11;
				GCC_NO_COMMON_BLOCKS = YES;
				GCC_WARN_64_TO_32_BIT_CONVERSION = YES;
				GCC_WARN_ABOUT_RETURN_TYPE = YES_ERROR;
				GCC_WARN_UNDECLARED_SELECTOR = YES;
				GCC_WARN_UNINITIALIZED_AUTOS = YES_AGGRESSIVE;
				GCC_WARN_UNUSED_FUNCTION = YES;
				GCC_WARN_UNUSED_VARIABLE = YES;
				MTL_ENABLE_DEBUG_INFO = NO;
				MTL_FAST_MATH = YES;
				SWIFT_COMPILATION_MODE = wholemodule;
				SWIFT_OPTIMIZATION_LEVEL = "-O";
			};
			name = Release;
		};
		F0A1A88E2573F48000E68C10 /* Debug */ = {
			isa = XCBuildConfiguration;
			buildSettings = {
				ASSETCATALOG_COMPILER_APPICON_NAME = AppIcon;
				ASSETCATALOG_COMPILER_GLOBAL_ACCENT_COLOR_NAME = AccentColor;
				CODE_SIGN_STYLE = Automatic;
				DEVELOPMENT_TEAM = DL94QK6AQ3;
				ENABLE_PREVIEWS = YES;
				INFOPLIST_FILE = iOS/Info.plist;
				IPHONEOS_DEPLOYMENT_TARGET = 14.0;
				LD_RUNPATH_SEARCH_PATHS = (
					"$(inherited)",
					"@executable_path/Frameworks",
				);
				PRODUCT_BUNDLE_IDENTIFIER = com.elai.Test8200ac;
				PRODUCT_NAME = Test8200ac;
				SDKROOT = iphoneos;
				SWIFT_VERSION = 5.0;
				TARGETED_DEVICE_FAMILY = "1,2";
			};
			name = Debug;
		};
		F0A1A88F2573F48000E68C10 /* Release */ = {
			isa = XCBuildConfiguration;
			buildSettings = {
				ASSETCATALOG_COMPILER_APPICON_NAME = AppIcon;
				ASSETCATALOG_COMPILER_GLOBAL_ACCENT_COLOR_NAME = AccentColor;
				CODE_SIGN_STYLE = Automatic;
				DEVELOPMENT_TEAM = DL94QK6AQ3;
				ENABLE_PREVIEWS = YES;
				INFOPLIST_FILE = iOS/Info.plist;
				IPHONEOS_DEPLOYMENT_TARGET = 14.0;
				LD_RUNPATH_SEARCH_PATHS = (
					"$(inherited)",
					"@executable_path/Frameworks",
				);
				PRODUCT_BUNDLE_IDENTIFIER = com.elai.Test8200ac;
				PRODUCT_NAME = Test8200ac;
				SDKROOT = iphoneos;
				SWIFT_VERSION = 5.0;
				TARGETED_DEVICE_FAMILY = "1,2";
				VALIDATE_PRODUCT = YES;
			};
			name = Release;
		};
		F0A1A8912573F48000E68C10 /* Debug */ = {
			isa = XCBuildConfiguration;
			buildSettings = {
				ASSETCATALOG_COMPILER_APPICON_NAME = AppIcon;
				ASSETCATALOG_COMPILER_GLOBAL_ACCENT_COLOR_NAME = AccentColor;
				CODE_SIGN_ENTITLEMENTS = macOS/macOS.entitlements;
				CODE_SIGN_STYLE = Automatic;
				COMBINE_HIDPI_IMAGES = YES;
				DEVELOPMENT_TEAM = DL94QK6AQ3;
				ENABLE_HARDENED_RUNTIME = YES;
				ENABLE_PREVIEWS = YES;
				INFOPLIST_FILE = macOS/Info.plist;
				LD_RUNPATH_SEARCH_PATHS = (
					"$(inherited)",
					"@executable_path/../Frameworks",
				);
				MACOSX_DEPLOYMENT_TARGET = 11.0;
				PRODUCT_BUNDLE_IDENTIFIER = com.elai.Test8200ac;
				PRODUCT_NAME = Test8200ac;
				SDKROOT = macosx;
				SWIFT_VERSION = 5.0;
			};
			name = Debug;
		};
		F0A1A8922573F48000E68C10 /* Release */ = {
			isa = XCBuildConfiguration;
			buildSettings = {
				ASSETCATALOG_COMPILER_APPICON_NAME = AppIcon;
				ASSETCATALOG_COMPILER_GLOBAL_ACCENT_COLOR_NAME = AccentColor;
				CODE_SIGN_ENTITLEMENTS = macOS/macOS.entitlements;
				CODE_SIGN_STYLE = Automatic;
				COMBINE_HIDPI_IMAGES = YES;
				DEVELOPMENT_TEAM = DL94QK6AQ3;
				ENABLE_HARDENED_RUNTIME = YES;
				ENABLE_PREVIEWS = YES;
				INFOPLIST_FILE = macOS/Info.plist;
				LD_RUNPATH_SEARCH_PATHS = (
					"$(inherited)",
					"@executable_path/../Frameworks",
				);
				MACOSX_DEPLOYMENT_TARGET = 11.0;
				PRODUCT_BUNDLE_IDENTIFIER = com.elai.Test8200ac;
				PRODUCT_NAME = Test8200ac;
				SDKROOT = macosx;
				SWIFT_VERSION = 5.0;
			};
			name = Release;
		};
/* End XCBuildConfiguration section */

/* Begin XCConfigurationList section */
		F0A1A8702573F47900E68C10 /* Build configuration list for PBXProject "Test8200ac" */ = {
			isa = XCConfigurationList;
			buildConfigurations = (
				F0A1A88B2573F48000E68C10 /* Debug */,
				F0A1A88C2573F48000E68C10 /* Release */,
			);
			defaultConfigurationIsVisible = 0;
			defaultConfigurationName = Release;
		};
		F0A1A88D2573F48000E68C10 /* Build configuration list for PBXNativeTarget "Test8200ac (iOS)" */ = {
			isa = XCConfigurationList;
			buildConfigurations = (
				F0A1A88E2573F48000E68C10 /* Debug */,
				F0A1A88F2573F48000E68C10 /* Release */,
			);
			defaultConfigurationIsVisible = 0;
			defaultConfigurationName = Release;
		};
		F0A1A8902573F48000E68C10 /* Build configuration list for PBXNativeTarget "Test8200ac (macOS)" */ = {
			isa = XCConfigurationList;
			buildConfigurations = (
				F0A1A8912573F48000E68C10 /* Debug */,
				F0A1A8922573F48000E68C10 /* Release */,
			);
			defaultConfigurationIsVisible = 0;
			defaultConfigurationName = Release;
		};
/* End XCConfigurationList section */
	};
	rootObject = F0A1A86D2573F47900E68C10 /* Project object */;
}
